{"schema_version":"0.5.0","repository":{"contract_path":".ayni.toml","contract_digest":"sha256:63d230ba2378cace37dbb21af2feb35531fa143df8a96981a56bbf9100817475"},"ayni_version":"0.11.2","mise_version":"2026.6.14","provisioning_base":{"reference":"localhost:5000/ayni-env","digest":"sha256:4c2826114668ac3bfe25c55b87466129fb365b2a1b2c79b660dfe9b91fd363be","variant":"debian","mise_version":"2025.2.4"},"platforms":[{"os":"linux","architecture":"amd64","libc":"glibc"},{"os":"linux","architecture":"arm64","libc":"glibc"}],"targets":[{"target":{"language":"rust","root":"."},"runtimes":[{"runtime":"rust","version":"1.97.1","components":["llvm-tools-preview"],"source":{"kind":"rust_toolchain_toml","path":"rust-toolchain.toml","digest":"sha256:5d959dfcc98b53886ee772ba216c4f9a1b31f093b46b5b263c0d084af54e821d","confidence":"declared"}}],"signal_tools":[{"tool":"cargo-llvm-cov","version":"0.8.5","provider":"cargo-install","scope":"isolated","signals":["coverage"],"source":{"kind":"rust_adapter_catalog","path":"Cargo.toml","digest":"sha256:c4fb222803598caa63e1e7d24da048cc61dd80c0e9a4d8737b2bf1aec701c06d","confidence":"declared"}},{"tool":"rust-code-analysis-cli","version":"0.0.25","provider":"cargo-install","scope":"isolated","signals":["complexity"],"source":{"kind":"rust_adapter_catalog","path":"Cargo.toml","digest":"sha256:c4fb222803598caa63e1e7d24da048cc61dd80c0e9a4d8737b2bf1aec701c06d","confidence":"declared"}}],"dependency_locks":[{"path":"Cargo.lock","digest":"sha256:79f7bf6c2e042155c6f8b7703d26dd078beaf710b18385ce502c537db4bb31de","owner_root":".","source":{"kind":"cargo_lock","path":"Cargo.lock","digest":"sha256:79f7bf6c2e042155c6f8b7703d26dd078beaf710b18385ce502c537db4bb31de","confidence":"exact"}},{"path":"Cargo.toml","digest":"sha256:c4fb222803598caa63e1e7d24da048cc61dd80c0e9a4d8737b2bf1aec701c06d","owner_root":".","source":{"kind":"cargo_manifest","path":"Cargo.toml","digest":"sha256:c4fb222803598caa63e1e7d24da048cc61dd80c0e9a4d8737b2bf1aec701c06d","confidence":"exact"}},{"path":"adapters/common/Cargo.toml","digest":"sha256:6dabb019f9ed0a62df4de0cd9e71d6ef6b284509852c789d6bff59a1f4890b72","owner_root":".","source":{"kind":"cargo_manifest","path":"adapters/common/Cargo.toml","digest":"sha256:6dabb019f9ed0a62df4de0cd9e71d6ef6b284509852c789d6bff59a1f4890b72","confidence":"exact"}},{"path":"adapters/go/Cargo.toml","digest":"sha256:c80718d52480e683da796c322800c5f5f30f1015dc1e6eb7d22cec1f7dc744b0","owner_root":".","source":{"kind":"cargo_manifest","path":"adapters/go/Cargo.toml","digest":"sha256:c80718d52480e683da796c322800c5f5f30f1015dc1e6eb7d22cec1f7dc744b0","confidence":"exact"}},{"path":"adapters/kotlin/Cargo.toml","digest":"sha256:3bbd3e14a8dae06e96ad2a40d106a0877caef8f94a40465ff49dfc471959824f","owner_root":".","source":{"kind":"cargo_manifest","path":"adapters/kotlin/Cargo.toml","digest":"sha256:3bbd3e14a8dae06e96ad2a40d106a0877caef8f94a40465ff49dfc471959824f","confidence":"exact"}},{"path":"adapters/node/Cargo.toml","digest":"sha256:921dacae4d57969bb3c7c1f481523a84ac337412d5ce133964b485e232f8bcf8","owner_root":".","source":{"kind":"cargo_manifest","path":"adapters/node/Cargo.toml","digest":"sha256:921dacae4d57969bb3c7c1f481523a84ac337412d5ce133964b485e232f8bcf8","confidence":"exact"}},{"path":"adapters/python/Cargo.toml","digest":"sha256:70a6e56d104bcea01f3a5f404d1cd899818dcd3383b569db1d08c90df9d2b969","owner_root":".","source":{"kind":"cargo_manifest","path":"adapters/python/Cargo.toml","digest":"sha256:70a6e56d104bcea01f3a5f404d1cd899818dcd3383b569db1d08c90df9d2b969","confidence":"exact"}},{"path":"adapters/rust/Cargo.toml","digest":"sha256:4ce03efcca79fb7f282464504fbb76338eeafcb950b3da16ccbf76468aa805bb","owner_root":".","source":{"kind":"cargo_manifest","path":"adapters/rust/Cargo.toml","digest":"sha256:4ce03efcca79fb7f282464504fbb76338eeafcb950b3da16ccbf76468aa805bb","confidence":"exact"}},{"path":"cli/Cargo.toml","digest":"sha256:102e2aa4949c4fa6a5a83fc887c8e48ede067e809e3e580b7cfd818c5674879a","owner_root":".","source":{"kind":"cargo_manifest","path":"cli/Cargo.toml","digest":"sha256:102e2aa4949c4fa6a5a83fc887c8e48ede067e809e3e580b7cfd818c5674879a","confidence":"exact"}},{"path":"core/Cargo.toml","digest":"sha256:25c170a07b93979020fa831a15780ee47b6fc9a45420e6246dd7e6e6baf837b2","owner_root":".","source":{"kind":"cargo_manifest","path":"core/Cargo.toml","digest":"sha256:25c170a07b93979020fa831a15780ee47b6fc9a45420e6246dd7e6e6baf837b2","confidence":"exact"}},{"path":"environment/Cargo.toml","digest":"sha256:26e592491faf186a40079ba1a146e5a90298dc3162e66b38241d36a9cf591231","owner_root":".","source":{"kind":"cargo_manifest","path":"environment/Cargo.toml","digest":"sha256:26e592491faf186a40079ba1a146e5a90298dc3162e66b38241d36a9cf591231","confidence":"exact"}}]}],"capabilities":{"docker":"none","network":"none"},"resources":{"cpus":4,"memory_mib":8192,"memory_swap_mib":8192,"pids":2048,"nofile":8192},"fingerprint":"sha256:eafa139b69a103330c7d65fdacfe4b0bd29f1f6fc8cb00d3cc0dc6f9ceda1afd"}
