{"schema_version":"0.5.0","repository":{"contract_path":".ayni.toml","contract_digest":"sha256:63d230ba2378cace37dbb21af2feb35531fa143df8a96981a56bbf9100817475"},"ayni_version":"0.11.0","mise_version":"2026.6.14","provisioning_base":{"reference":"localhost:5000/ayni-env","digest":"sha256:df5078ec0aef06496a759df926f7cf3bcefd12f3c499c96820744d302fc63d9a","variant":"debian","mise_version":"2025.2.4"},"platforms":[{"os":"linux","architecture":"amd64","libc":"glibc"},{"os":"linux","architecture":"arm64","libc":"glibc"}],"targets":[{"target":{"language":"rust","root":"."},"runtimes":[{"runtime":"rust","version":"1.97.1","components":["llvm-tools-preview"],"source":{"kind":"rust_toolchain_toml","path":"rust-toolchain.toml","digest":"sha256:5d959dfcc98b53886ee772ba216c4f9a1b31f093b46b5b263c0d084af54e821d","confidence":"declared"}}],"signal_tools":[{"tool":"cargo-llvm-cov","version":"0.8.5","provider":"cargo-install","scope":"isolated","signals":["coverage"],"source":{"kind":"rust_adapter_catalog","path":"Cargo.toml","digest":"sha256:d5642e788f440936a0e005f5c42b696f68c847088cde09f33397a3406a90941c","confidence":"declared"}},{"tool":"rust-code-analysis-cli","version":"0.0.25","provider":"cargo-install","scope":"isolated","signals":["complexity"],"source":{"kind":"rust_adapter_catalog","path":"Cargo.toml","digest":"sha256:d5642e788f440936a0e005f5c42b696f68c847088cde09f33397a3406a90941c","confidence":"declared"}}],"dependency_locks":[{"path":"Cargo.lock","digest":"sha256:3b30ba8a54486a792083bd3ec9aa0d1fa980e5a7b79c6edeb47005a42dfe8f6d","owner_root":".","source":{"kind":"cargo_lock","path":"Cargo.lock","digest":"sha256:3b30ba8a54486a792083bd3ec9aa0d1fa980e5a7b79c6edeb47005a42dfe8f6d","confidence":"exact"}},{"path":"Cargo.toml","digest":"sha256:d5642e788f440936a0e005f5c42b696f68c847088cde09f33397a3406a90941c","owner_root":".","source":{"kind":"cargo_manifest","path":"Cargo.toml","digest":"sha256:d5642e788f440936a0e005f5c42b696f68c847088cde09f33397a3406a90941c","confidence":"exact"}},{"path":"adapters/common/Cargo.toml","digest":"sha256:6dabb019f9ed0a62df4de0cd9e71d6ef6b284509852c789d6bff59a1f4890b72","owner_root":".","source":{"kind":"cargo_manifest","path":"adapters/common/Cargo.toml","digest":"sha256:6dabb019f9ed0a62df4de0cd9e71d6ef6b284509852c789d6bff59a1f4890b72","confidence":"exact"}},{"path":"adapters/go/Cargo.toml","digest":"sha256:5b7e127ca565a2917cacfb964ab5e6ada26ffe7db4b6aab74d66f71315408339","owner_root":".","source":{"kind":"cargo_manifest","path":"adapters/go/Cargo.toml","digest":"sha256:5b7e127ca565a2917cacfb964ab5e6ada26ffe7db4b6aab74d66f71315408339","confidence":"exact"}},{"path":"adapters/kotlin/Cargo.toml","digest":"sha256:ed6c31cb370f56affca09321ec47f9dc8a8668d37638e0230b4bc1011dd58745","owner_root":".","source":{"kind":"cargo_manifest","path":"adapters/kotlin/Cargo.toml","digest":"sha256:ed6c31cb370f56affca09321ec47f9dc8a8668d37638e0230b4bc1011dd58745","confidence":"exact"}},{"path":"adapters/node/Cargo.toml","digest":"sha256:7c4ad0d6910e243897008c65f2334e081ee52f72db92e77f774448a92c469b05","owner_root":".","source":{"kind":"cargo_manifest","path":"adapters/node/Cargo.toml","digest":"sha256:7c4ad0d6910e243897008c65f2334e081ee52f72db92e77f774448a92c469b05","confidence":"exact"}},{"path":"adapters/python/Cargo.toml","digest":"sha256:5f7f8c060ac32232d4a49449b65ca016aa338fbb9f8e67f06c238f7210e965b2","owner_root":".","source":{"kind":"cargo_manifest","path":"adapters/python/Cargo.toml","digest":"sha256:5f7f8c060ac32232d4a49449b65ca016aa338fbb9f8e67f06c238f7210e965b2","confidence":"exact"}},{"path":"adapters/rust/Cargo.toml","digest":"sha256:3bc326ca26706eb065cb24f0245c05146d905c6ae3baba1caebebe0ff9dcdaf0","owner_root":".","source":{"kind":"cargo_manifest","path":"adapters/rust/Cargo.toml","digest":"sha256:3bc326ca26706eb065cb24f0245c05146d905c6ae3baba1caebebe0ff9dcdaf0","confidence":"exact"}},{"path":"cli/Cargo.toml","digest":"sha256:6651082f978e5d7b03197a512718e58e015e45614c4274a4f5831568f1b8d49e","owner_root":".","source":{"kind":"cargo_manifest","path":"cli/Cargo.toml","digest":"sha256:6651082f978e5d7b03197a512718e58e015e45614c4274a4f5831568f1b8d49e","confidence":"exact"}},{"path":"core/Cargo.toml","digest":"sha256:56c3bf1805071a41bda222a4f964859ee017f6de049b0424173be3c82d0d8a53","owner_root":".","source":{"kind":"cargo_manifest","path":"core/Cargo.toml","digest":"sha256:56c3bf1805071a41bda222a4f964859ee017f6de049b0424173be3c82d0d8a53","confidence":"exact"}},{"path":"environment/Cargo.toml","digest":"sha256:ae836435786e10e2c9fe06ea4ccac54e1f83c0d0d3e869ca62e7b39cc5037158","owner_root":".","source":{"kind":"cargo_manifest","path":"environment/Cargo.toml","digest":"sha256:ae836435786e10e2c9fe06ea4ccac54e1f83c0d0d3e869ca62e7b39cc5037158","confidence":"exact"}}]}],"capabilities":{"docker":"none","network":"none"},"resources":{"cpus":4,"memory_mib":8192,"memory_swap_mib":8192,"pids":2048,"nofile":8192},"fingerprint":"sha256:6b47381133258412235028a1f0c347e9a8a347b6d86138e3d79874f7a26dfe8d"}
