{"schema_version":"0.5.0","repository":{"contract_path":".ayni.toml","contract_digest":"sha256:63d230ba2378cace37dbb21af2feb35531fa143df8a96981a56bbf9100817475"},"ayni_version":"0.11.1","mise_version":"2026.6.14","provisioning_base":{"reference":"localhost:5000/ayni-env","digest":"sha256:5a4316e251c5870cd6c3c9aff9848d10845f298622796bde0187f29a652b9e4f","variant":"debian","mise_version":"2025.2.4"},"platforms":[{"os":"linux","architecture":"amd64","libc":"glibc"},{"os":"linux","architecture":"arm64","libc":"glibc"}],"targets":[{"target":{"language":"rust","root":"."},"runtimes":[{"runtime":"rust","version":"1.97.1","components":["llvm-tools-preview"],"source":{"kind":"rust_toolchain_toml","path":"rust-toolchain.toml","digest":"sha256:5d959dfcc98b53886ee772ba216c4f9a1b31f093b46b5b263c0d084af54e821d","confidence":"declared"}}],"signal_tools":[{"tool":"cargo-llvm-cov","version":"0.8.5","provider":"cargo-install","scope":"isolated","signals":["coverage"],"source":{"kind":"rust_adapter_catalog","path":"Cargo.toml","digest":"sha256:79ed2feb5953f6d4b0edac766d73bd4968aa64a79679f1e181459dba84543366","confidence":"declared"}},{"tool":"rust-code-analysis-cli","version":"0.0.25","provider":"cargo-install","scope":"isolated","signals":["complexity"],"source":{"kind":"rust_adapter_catalog","path":"Cargo.toml","digest":"sha256:79ed2feb5953f6d4b0edac766d73bd4968aa64a79679f1e181459dba84543366","confidence":"declared"}}],"dependency_locks":[{"path":"Cargo.lock","digest":"sha256:01132cf5e7a5bf94f3168ffabdb751471639569a26056f6fd08dd5a96ab4a647","owner_root":".","source":{"kind":"cargo_lock","path":"Cargo.lock","digest":"sha256:01132cf5e7a5bf94f3168ffabdb751471639569a26056f6fd08dd5a96ab4a647","confidence":"exact"}},{"path":"Cargo.toml","digest":"sha256:79ed2feb5953f6d4b0edac766d73bd4968aa64a79679f1e181459dba84543366","owner_root":".","source":{"kind":"cargo_manifest","path":"Cargo.toml","digest":"sha256:79ed2feb5953f6d4b0edac766d73bd4968aa64a79679f1e181459dba84543366","confidence":"exact"}},{"path":"adapters/common/Cargo.toml","digest":"sha256:6dabb019f9ed0a62df4de0cd9e71d6ef6b284509852c789d6bff59a1f4890b72","owner_root":".","source":{"kind":"cargo_manifest","path":"adapters/common/Cargo.toml","digest":"sha256:6dabb019f9ed0a62df4de0cd9e71d6ef6b284509852c789d6bff59a1f4890b72","confidence":"exact"}},{"path":"adapters/go/Cargo.toml","digest":"sha256:c80718d52480e683da796c322800c5f5f30f1015dc1e6eb7d22cec1f7dc744b0","owner_root":".","source":{"kind":"cargo_manifest","path":"adapters/go/Cargo.toml","digest":"sha256:c80718d52480e683da796c322800c5f5f30f1015dc1e6eb7d22cec1f7dc744b0","confidence":"exact"}},{"path":"adapters/kotlin/Cargo.toml","digest":"sha256:3bbd3e14a8dae06e96ad2a40d106a0877caef8f94a40465ff49dfc471959824f","owner_root":".","source":{"kind":"cargo_manifest","path":"adapters/kotlin/Cargo.toml","digest":"sha256:3bbd3e14a8dae06e96ad2a40d106a0877caef8f94a40465ff49dfc471959824f","confidence":"exact"}},{"path":"adapters/node/Cargo.toml","digest":"sha256:921dacae4d57969bb3c7c1f481523a84ac337412d5ce133964b485e232f8bcf8","owner_root":".","source":{"kind":"cargo_manifest","path":"adapters/node/Cargo.toml","digest":"sha256:921dacae4d57969bb3c7c1f481523a84ac337412d5ce133964b485e232f8bcf8","confidence":"exact"}},{"path":"adapters/python/Cargo.toml","digest":"sha256:70a6e56d104bcea01f3a5f404d1cd899818dcd3383b569db1d08c90df9d2b969","owner_root":".","source":{"kind":"cargo_manifest","path":"adapters/python/Cargo.toml","digest":"sha256:70a6e56d104bcea01f3a5f404d1cd899818dcd3383b569db1d08c90df9d2b969","confidence":"exact"}},{"path":"adapters/rust/Cargo.toml","digest":"sha256:4ce03efcca79fb7f282464504fbb76338eeafcb950b3da16ccbf76468aa805bb","owner_root":".","source":{"kind":"cargo_manifest","path":"adapters/rust/Cargo.toml","digest":"sha256:4ce03efcca79fb7f282464504fbb76338eeafcb950b3da16ccbf76468aa805bb","confidence":"exact"}},{"path":"cli/Cargo.toml","digest":"sha256:4b417e4e05b6d1950763ca145bdf2ad5c91b108e07e074af66ec7995054a5285","owner_root":".","source":{"kind":"cargo_manifest","path":"cli/Cargo.toml","digest":"sha256:4b417e4e05b6d1950763ca145bdf2ad5c91b108e07e074af66ec7995054a5285","confidence":"exact"}},{"path":"core/Cargo.toml","digest":"sha256:25c170a07b93979020fa831a15780ee47b6fc9a45420e6246dd7e6e6baf837b2","owner_root":".","source":{"kind":"cargo_manifest","path":"core/Cargo.toml","digest":"sha256:25c170a07b93979020fa831a15780ee47b6fc9a45420e6246dd7e6e6baf837b2","confidence":"exact"}},{"path":"environment/Cargo.toml","digest":"sha256:c25fc286ec5725fafa9d1a6c26a1305b5407926a1a84ff1e9942e829f3bd2f2f","owner_root":".","source":{"kind":"cargo_manifest","path":"environment/Cargo.toml","digest":"sha256:c25fc286ec5725fafa9d1a6c26a1305b5407926a1a84ff1e9942e829f3bd2f2f","confidence":"exact"}}]}],"capabilities":{"docker":"none","network":"none"},"resources":{"cpus":4,"memory_mib":8192,"memory_swap_mib":8192,"pids":2048,"nofile":8192},"fingerprint":"sha256:f6e0e7ccc1ed0e4e4e7d4fcc3a645a0f0e5ae95b4243ef81fe06a056a930258f"}
